# THIS IS AN AUTOGENERATED FILE. DO NOT EDIT THIS FILE DIRECTLY.
# yarn lockfile v1


"@ant-design/colors@^6.0.0":
  version "6.0.0"
  resolved "https://registry.nlark.com/@ant-design/colors/download/@ant-design/colors-6.0.0.tgz#9b9366257cffcc47db42b9d0203bb592c13c0298"
  integrity sha1-m5NmJXz/zEfbQrnQIDu1ksE8Apg=
  dependencies:
    "@ctrl/tinycolor" "^3.4.0"

"@ant-design/icons-svg@^4.2.1":
  version "4.2.1"
  resolved "https://registry.npmmirror.com/@ant-design/icons-svg/download/@ant-design/icons-svg-4.2.1.tgz#8630da8eb4471a4aabdaed7d1ff6a97dcb2cf05a"
  integrity sha1-hjDajrRHGkqr2u19H/apfcss8Fo=

"@ant-design/icons@^4.6.3":
  version "4.7.0"
  resolved "https://registry.npmmirror.com/@ant-design/icons/download/@ant-design/icons-4.7.0.tgz?cache=0&sync_timestamp=1632478732118&other_urls=https%3A%2F%2Fregistry.npmmirror.com%2F%40ant-design%2Ficons%2Fdownload%2F%40ant-design%2Ficons-4.7.0.tgz#8c3cbe0a556ba92af5dc7d1e70c0b25b5179af0f"
  integrity sha1-jDy+ClVrqSr13H0ecMCyW1F5rw8=
  dependencies:
    "@ant-design/colors" "^6.0.0"
    "@ant-design/icons-svg" "^4.2.1"
    "@babel/runtime" "^7.11.2"
    classnames "^2.2.6"
    rc-util "^5.9.4"

"@ant-design/react-slick@~0.28.1":
  version "0.28.4"
  resolved "https://registry.nlark.com/@ant-design/react-slick/download/@ant-design/react-slick-0.28.4.tgz#8b296b87ad7c7ae877f2a527b81b7eebd9dd29a9"
  integrity sha1-iylrh618euh38qUnuBt+69ndKak=
  dependencies:
    "@babel/runtime" "^7.10.4"
    classnames "^2.2.5"
    json2mq "^0.2.0"
    lodash "^4.17.21"
    resize-observer-polyfill "^1.5.0"

"@babel/runtime@^7.10.1", "@babel/runtime@^7.10.2", "@babel/runtime@^7.10.4", "@babel/runtime@^7.11.1", "@babel/runtime@^7.11.2", "@babel/runtime@^7.12.5", "@babel/runtime@^7.8.4":
  version "7.16.0"
  resolved "https://registry.npmmirror.com/@babel/runtime/download/@babel/runtime-7.16.0.tgz?cache=0&sync_timestamp=1635554785183&other_urls=https%3A%2F%2Fregistry.npmmirror.com%2F%40babel%2Fruntime%2Fdownload%2F%40babel%2Fruntime-7.16.0.tgz#e27b977f2e2088ba24748bf99b5e1dece64e4f0b"
  integrity sha1-4nuXfy4giLokdIv5m14d7OZOTws=
  dependencies:
    regenerator-runtime "^0.13.4"

"@ctrl/tinycolor@^3.4.0":
  version "3.4.0"
  resolved "https://registry.npm.taobao.org/@ctrl/tinycolor/download/@ctrl/tinycolor-3.4.0.tgz#c3c5ae543c897caa9c2a68630bed355be5f9990f"
  integrity sha1-w8WuVDyJfKqcKmhjC+01W+X5mQ8=

"@types/node@*":
  version "16.11.7"
  resolved "https://registry.npmmirror.com/@types/node/download/@types/node-16.11.7.tgz?cache=0&sync_timestamp=1636407250305&other_urls=https%3A%2F%2Fregistry.npmmirror.com%2F%40types%2Fnode%2Fdownload%2F%40types%2Fnode-16.11.7.tgz#36820945061326978c42a01e56b61cd223dfdc42"
  integrity sha512-QB5D2sqfSjCmTuWcBWyJ+/44bcjO7VbjSbOE0ucoVbAsSNQc4Lt6QkgkVXkTDwkL4z/beecZNDvVX15D4P8Jbw==

"@types/webidl-conversions@*":
  version "6.1.1"
  resolved "https://registry.nlark.com/@types/webidl-conversions/download/@types/webidl-conversions-6.1.1.tgz?cache=0&sync_timestamp=1629709717398&other_urls=https%3A%2F%2Fregistry.nlark.com%2F%40types%2Fwebidl-conversions%2Fdownload%2F%40types%2Fwebidl-conversions-6.1.1.tgz#e33bc8ea812a01f63f90481c666334844b12a09e"
  integrity sha1-4zvI6oEqAfY/kEgcZmM0hEsSoJ4=

"@types/whatwg-url@^8.2.1":
  version "8.2.1"
  resolved "https://registry.nlark.com/@types/whatwg-url/download/@types/whatwg-url-8.2.1.tgz#f1aac222dab7c59e011663a0cb0a3117b2ef05d4"
  integrity sha1-8arCItq3xZ4BFmOgywoxF7LvBdQ=
  dependencies:
    "@types/node" "*"
    "@types/webidl-conversions" "*"

accepts@~1.3.7:
  version "1.3.7"
  resolved "https://registry.npm.taobao.org/accepts/download/accepts-1.3.7.tgz#531bc726517a3b2b41f850021c6cc15eaab507cd"
  integrity sha1-UxvHJlF6OytB+FACHGzBXqq1B80=
  dependencies:
    mime-types "~2.1.24"
    negotiator "0.6.2"

antd@^4.16.13:
  version "4.16.13"
  resolved "https://registry.npmmirror.com/antd/download/antd-4.16.13.tgz?cache=0&sync_timestamp=1636334495321&other_urls=https%3A%2F%2Fregistry.npmmirror.com%2Fantd%2Fdownload%2Fantd-4.16.13.tgz#e9b9b4a590db28747aae1cab98981649a35880af"
  integrity sha1-6bm0pZDbKHR6rhyrmJgWSaNYgK8=
  dependencies:
    "@ant-design/colors" "^6.0.0"
    "@ant-design/icons" "^4.6.3"
    "@ant-design/react-slick" "~0.28.1"
    "@babel/runtime" "^7.12.5"
    array-tree-filter "^2.1.0"
    classnames "^2.2.6"
    copy-to-clipboard "^3.2.0"
    lodash "^4.17.21"
    moment "^2.25.3"
    rc-cascader "~1.4.0"
    rc-checkbox "~2.3.0"
    rc-collapse "~3.1.0"
    rc-dialog "~8.6.0"
    rc-drawer "~4.3.0"
    rc-dropdown "~3.2.0"
    rc-field-form "~1.20.0"
    rc-image "~5.2.5"
    rc-input-number "~7.1.0"
    rc-mentions "~1.6.1"
    rc-menu "~9.0.12"
    rc-motion "^2.4.0"
    rc-notification "~4.5.7"
    rc-pagination "~3.1.9"
    rc-picker "~2.5.10"
    rc-progress "~3.1.0"
    rc-rate "~2.9.0"
    rc-resize-observer "^1.0.0"
    rc-select "~12.1.6"
    rc-slider "~9.7.1"
    rc-steps "~4.1.0"
    rc-switch "~3.2.0"
    rc-table "~7.15.1"
    rc-tabs "~11.10.0"
    rc-textarea "~0.3.0"
    rc-tooltip "~5.1.1"
    rc-tree "~4.2.1"
    rc-tree-select "~4.3.0"
    rc-trigger "^5.2.10"
    rc-upload "~4.3.0"
    rc-util "^5.13.1"
    scroll-into-view-if-needed "^2.2.25"

array-flatten@1.1.1:
  version "1.1.1"
  resolved "https://registry.npm.taobao.org/array-flatten/download/array-flatten-1.1.1.tgz#9a5f699051b1e7073328f2a008968b64ea2955d2"
  integrity sha1-ml9pkFGx5wczKPKgCJaLZOopVdI=

array-tree-filter@^2.1.0:
  version "2.1.0"
  resolved "https://registry.npm.taobao.org/array-tree-filter/download/array-tree-filter-2.1.0.tgz#873ac00fec83749f255ac8dd083814b4f6329190"
  integrity sha1-hzrAD+yDdJ8lWsjdCDgUtPYykZA=

asn1.js@^5.4.1:
  version "5.4.1"
  resolved "https://registry.npm.taobao.org/asn1.js/download/asn1.js-5.4.1.tgz#11a980b84ebb91781ce35b0fdc2ee294e3783f07"
  integrity sha1-EamAuE67kXgc41sP3C7ilON4Pwc=
  dependencies:
    bn.js "^4.0.0"
    inherits "^2.0.1"
    minimalistic-assert "^1.0.0"
    safer-buffer "^2.1.0"

async-validator@^3.0.3:
  version "3.5.2"
  resolved "https://registry.npmmirror.com/async-validator/download/async-validator-3.5.2.tgz#68e866a96824e8b2694ff7a831c1a25c44d5e500"
  integrity sha1-aOhmqWgk6LJpT/eoMcGiXETV5QA=

base64-js@^1.3.1:
  version "1.5.1"
  resolved "https://registry.npm.taobao.org/base64-js/download/base64-js-1.5.1.tgz#1b1b440160a5bf7ad40b650f095963481903930a"
  integrity sha1-GxtEAWClv3rUC2UPCVljSBkDkwo=

bn.js@^4.0.0:
  version "4.12.0"
  resolved "https://registry.npm.taobao.org/bn.js/download/bn.js-4.12.0.tgz#775b3f278efbb9718eec7361f483fb36fbbfea88"
  integrity sha1-d1s/J477uXGO7HNh9IP7Nvu/6og=

body-parser@1.19.0:
  version "1.19.0"
  resolved "https://registry.npm.taobao.org/body-parser/download/body-parser-1.19.0.tgz?cache=0&sync_timestamp=1615984442879&other_urls=https%3A%2F%2Fregistry.npm.taobao.org%2Fbody-parser%2Fdownload%2Fbody-parser-1.19.0.tgz#96b2709e57c9c4e09a6fd66a8fd979844f69f08a"
  integrity sha1-lrJwnlfJxOCab9Zqj9l5hE9p8Io=
  dependencies:
    bytes "3.1.0"
    content-type "~1.0.4"
    debug "2.6.9"
    depd "~1.1.2"
    http-errors "1.7.2"
    iconv-lite "0.4.24"
    on-finished "~2.3.0"
    qs "6.7.0"
    raw-body "2.4.0"
    type-is "~1.6.17"

bson@^4.2.2, bson@^4.5.2:
  version "4.5.4"
  resolved "https://registry.npmmirror.com/bson/download/bson-4.5.4.tgz#5f74f1e11f743ea8aec30b5e24bfddae82846873"
  integrity sha1-X3Tx4R90PqiuwwteJL/droKEaHM=
  dependencies:
    buffer "^5.6.0"

buffer@^5.6.0:
  version "5.7.1"
  resolved "https://registry.npm.taobao.org/buffer/download/buffer-5.7.1.tgz#ba62e7c13133053582197160851a8f648e99eed0"
  integrity sha1-umLnwTEzBTWCGXFghRqPZI6Z7tA=
  dependencies:
    base64-js "^1.3.1"
    ieee754 "^1.1.13"

bytes@3.1.0:
  version "3.1.0"
  resolved "https://registry.npm.taobao.org/bytes/download/bytes-3.1.0.tgz#f6cf7933a360e0588fa9fde85651cdc7f805d1f6"
  integrity sha1-9s95M6Ng4FiPqf3oVlHNx/gF0fY=

charenc@0.0.2:
  version "0.0.2"
  resolved "https://registry.npm.taobao.org/charenc/download/charenc-0.0.2.tgz#c0a1d2f3a7092e03774bfa83f14c0fc5790a8667"
  integrity sha1-wKHS86cJLgN3S/qD8UwPxXkKhmc=

classnames@2.x, classnames@^2.2.1, classnames@^2.2.3, classnames@^2.2.5, classnames@^2.2.6:
  version "2.3.1"
  resolved "https://registry.npm.taobao.org/classnames/download/classnames-2.3.1.tgz#dfcfa3891e306ec1dad105d0e88f4417b8535e8e"
  integrity sha1-38+jiR4wbsHa0QXQ6I9EF7hTXo4=

compute-scroll-into-view@^1.0.17:
  version "1.0.17"
  resolved "https://registry.nlark.com/compute-scroll-into-view/download/compute-scroll-into-view-1.0.17.tgz#6a88f18acd9d42e9cf4baa6bec7e0522607ab7ab"
  integrity sha1-aojxis2dQunPS6pr7H4FImB6t6s=

connect-mongo@^4.6.0:
  version "4.6.0"
  resolved "https://registry.nlark.com/connect-mongo/download/connect-mongo-4.6.0.tgz#1bf62868efc9f28ecf1459ae9a9d6caaf90ae8a6"
  integrity sha1-G/YoaO/J8o7PFFmump1sqvkK6KY=
  dependencies:
    debug "^4.3.1"
    kruptein "^3.0.0"

content-disposition@0.5.3:
  version "0.5.3"
  resolved "https://registry.npm.taobao.org/content-disposition/download/content-disposition-0.5.3.tgz#e130caf7e7279087c5616c2007d0485698984fbd"
  integrity sha1-4TDK9+cnkIfFYWwgB9BIVpiYT70=
  dependencies:
    safe-buffer "5.1.2"

content-type@~1.0.4:
  version "1.0.4"
  resolved "https://registry.npm.taobao.org/content-type/download/content-type-1.0.4.tgz?cache=0&sync_timestamp=1615984448548&other_urls=https%3A%2F%2Fregistry.npm.taobao.org%2Fcontent-type%2Fdownload%2Fcontent-type-1.0.4.tgz#e138cc75e040c727b1966fe5e5f8c9aee256fe3b"
  integrity sha1-4TjMdeBAxyexlm/l5fjJruJW/js=

cookie-parser@^1.4.5:
  version "1.4.5"
  resolved "https://registry.npm.taobao.org/cookie-parser/download/cookie-parser-1.4.5.tgz#3e572d4b7c0c80f9c61daf604e4336831b5d1d49"
  integrity sha1-PlctS3wMgPnGHa9gTkM2gxtdHUk=
  dependencies:
    cookie "0.4.0"
    cookie-signature "1.0.6"

cookie-signature@1.0.6:
  version "1.0.6"
  resolved "https://registry.npm.taobao.org/cookie-signature/download/cookie-signature-1.0.6.tgz#e303a882b342cc3ee8ca513a79999734dab3ae2c"
  integrity sha1-4wOogrNCzD7oylE6eZmXNNqzriw=

cookie@0.4.0:
  version "0.4.0"
  resolved "https://registry.npm.taobao.org/cookie/download/cookie-0.4.0.tgz#beb437e7022b3b6d49019d088665303ebe9c14ba"
  integrity sha1-vrQ35wIrO21JAZ0IhmUwPr6cFLo=

cookie@0.4.1:
  version "0.4.1"
  resolved "https://registry.npm.taobao.org/cookie/download/cookie-0.4.1.tgz#afd713fe26ebd21ba95ceb61f9a8116e50a537d1"
  integrity sha1-r9cT/ibr0hupXOth+agRblClN9E=

copy-to-clipboard@^3.2.0:
  version "3.3.1"
  resolved "https://registry.nlark.com/copy-to-clipboard/download/copy-to-clipboard-3.3.1.tgz#115aa1a9998ffab6196f93076ad6da3b913662ae"
  integrity sha1-EVqhqZmP+rYZb5MHatbaO5E2Yq4=
  dependencies:
    toggle-selection "^1.0.6"

crypt@0.0.2:
  version "0.0.2"
  resolved "https://registry.npm.taobao.org/crypt/download/crypt-0.0.2.tgz#88d7ff7ec0dfb86f713dc87bbb42d044d3e6c41b"
  integrity sha1-iNf/fsDfuG9xPch7u0LQRNPmxBs=

date-fns@2.x:
  version "2.25.0"
  resolved "https://registry.npmmirror.com/date-fns/download/date-fns-2.25.0.tgz#8c5c8f1d958be3809a9a03f4b742eba894fc5680"
  integrity sha1-jFyPHZWL44CamgP0t0LrqJT8VoA=

dayjs@1.x:
  version "1.10.7"
  resolved "https://registry.nlark.com/dayjs/download/dayjs-1.10.7.tgz#2cf5f91add28116748440866a0a1d26f3a6ce468"
  integrity sha1-LPX5Gt0oEWdIRAhmoKHSbzps5Gg=

debug@2.6.9:
  version "2.6.9"
  resolved "https://registry.npmmirror.com/debug/download/debug-2.6.9.tgz?cache=0&sync_timestamp=1636300872595&other_urls=https%3A%2F%2Fregistry.npmmirror.com%2Fdebug%2Fdownload%2Fdebug-2.6.9.tgz#5d128515df134ff327e90a4c93f4e077a536341f"
  integrity sha1-XRKFFd8TT/Mn6QpMk/Tgd6U2NB8=
  dependencies:
    ms "2.0.0"

debug@4.x, debug@^4.3.1:
  version "4.3.2"
  resolved "https://registry.npmmirror.com/debug/download/debug-4.3.2.tgz?cache=0&sync_timestamp=1636300872595&other_urls=https%3A%2F%2Fregistry.npmmirror.com%2Fdebug%2Fdownload%2Fdebug-4.3.2.tgz#f0a49c18ac8779e31d4a0c6029dfb76873c7428b"
  integrity sha1-8KScGKyHeeMdSgxgKd+3aHPHQos=
  dependencies:
    ms "2.1.2"

denque@^2.0.1:
  version "2.0.1"
  resolved "https://registry.nlark.com/denque/download/denque-2.0.1.tgz#bcef4c1b80dc32efe97515744f21a4229ab8934a"
  integrity sha1-vO9MG4DcMu/pdRV0TyGkIpq4k0o=

depd@~1.1.2:
  version "1.1.2"
  resolved "https://registry.npm.taobao.org/depd/download/depd-1.1.2.tgz#9bcd52e14c097763e749b274c4346ed2e560b5a9"
  integrity sha1-m81S4UwJd2PnSbJ0xDRu0uVgtak=

depd@~2.0.0:
  version "2.0.0"
  resolved "https://registry.npm.taobao.org/depd/download/depd-2.0.0.tgz#b696163cc757560d09cf22cc8fad1571b79e76df"
  integrity sha1-tpYWPMdXVg0JzyLMj60Vcbeedt8=

destroy@~1.0.4:
  version "1.0.4"
  resolved "https://registry.npm.taobao.org/destroy/download/destroy-1.0.4.tgz#978857442c44749e4206613e37946205826abd80"
  integrity sha1-l4hXRCxEdJ5CBmE+N5RiBYJqvYA=

dom-align@^1.7.0:
  version "1.12.2"
  resolved "https://registry.nlark.com/dom-align/download/dom-align-1.12.2.tgz#0f8164ebd0c9c21b0c790310493cd855892acd4b"
  integrity sha1-D4Fk69DJwhsMeQMQSTzYVYkqzUs=

ee-first@1.1.1:
  version "1.1.1"
  resolved "https://registry.npm.taobao.org/ee-first/download/ee-first-1.1.1.tgz#590c61156b0ae2f4f0255732a158b266bc56b21d"
  integrity sha1-WQxhFWsK4vTwJVcyoViyZrxWsh0=

encodeurl@~1.0.2:
  version "1.0.2"
  resolved "https://registry.npm.taobao.org/encodeurl/download/encodeurl-1.0.2.tgz#ad3ff4c86ec2d029322f5a02c3a9a606c95b3f59"
  integrity sha1-rT/0yG7C0CkyL1oCw6mmBslbP1k=

escape-html@~1.0.3:
  version "1.0.3"
  resolved "https://registry.npm.taobao.org/escape-html/download/escape-html-1.0.3.tgz#0258eae4d3d0c0974de1c169188ef0051d1d1988"
  integrity sha1-Aljq5NPQwJdN4cFpGI7wBR0dGYg=

etag@^1.8.1, etag@~1.8.1:
  version "1.8.1"
  resolved "https://registry.npm.taobao.org/etag/download/etag-1.8.1.tgz#41ae2eeb65efa62268aebfea83ac7d79299b0887"
  integrity sha1-Qa4u62XvpiJorr/qg6x9eSmbCIc=

express-session@^1.17.2:
  version "1.17.2"
  resolved "https://registry.nlark.com/express-session/download/express-session-1.17.2.tgz?cache=0&sync_timestamp=1621447407208&other_urls=https%3A%2F%2Fregistry.nlark.com%2Fexpress-session%2Fdownload%2Fexpress-session-1.17.2.tgz#397020374f9bf7997f891b85ea338767b30d0efd"
  integrity sha1-OXAgN0+b95l/iRuF6jOHZ7MNDv0=
  dependencies:
    cookie "0.4.1"
    cookie-signature "1.0.6"
    debug "2.6.9"
    depd "~2.0.0"
    on-headers "~1.0.2"
    parseurl "~1.3.3"
    safe-buffer "5.2.1"
    uid-safe "~2.1.5"

express@^4.17.1:
  version "4.17.1"
  resolved "https://registry.npm.taobao.org/express/download/express-4.17.1.tgz?cache=0&sync_timestamp=1615984406685&other_urls=https%3A%2F%2Fregistry.npm.taobao.org%2Fexpress%2Fdownload%2Fexpress-4.17.1.tgz#4491fc38605cf51f8629d39c2b5d026f98a4c134"
  integrity sha1-RJH8OGBc9R+GKdOcK10Cb5ikwTQ=
  dependencies:
    accepts "~1.3.7"
    array-flatten "1.1.1"
    body-parser "1.19.0"
    content-disposition "0.5.3"
    content-type "~1.0.4"
    cookie "0.4.0"
    cookie-signature "1.0.6"
    debug "2.6.9"
    depd "~1.1.2"
    encodeurl "~1.0.2"
    escape-html "~1.0.3"
    etag "~1.8.1"
    finalhandler "~1.1.2"
    fresh "0.5.2"
    merge-descriptors "1.0.1"
    methods "~1.1.2"
    on-finished "~2.3.0"
    parseurl "~1.3.3"
    path-to-regexp "0.1.7"
    proxy-addr "~2.0.5"
    qs "6.7.0"
    range-parser "~1.2.1"
    safe-buffer "5.1.2"
    send "0.17.1"
    serve-static "1.14.1"
    setprototypeof "1.1.1"
    statuses "~1.5.0"
    type-is "~1.6.18"
    utils-merge "1.0.1"
    vary "~1.1.2"

finalhandler@~1.1.2:
  version "1.1.2"
  resolved "https://registry.npm.taobao.org/finalhandler/download/finalhandler-1.1.2.tgz#b7e7d000ffd11938d0fdb053506f6ebabe9f587d"
  integrity sha1-t+fQAP/RGTjQ/bBTUG9uur6fWH0=
  dependencies:
    debug "2.6.9"
    encodeurl "~1.0.2"
    escape-html "~1.0.3"
    on-finished "~2.3.0"
    parseurl "~1.3.3"
    statuses "~1.5.0"
    unpipe "~1.0.0"

forwarded@0.2.0:
  version "0.2.0"
  resolved "https://registry.nlark.com/forwarded/download/forwarded-0.2.0.tgz#2269936428aad4c15c7ebe9779a84bf0b2a81811"
  integrity sha1-ImmTZCiq1MFcfr6XeahL8LKoGBE=

fresh@0.5.2:
  version "0.5.2"
  resolved "https://registry.npm.taobao.org/fresh/download/fresh-0.5.2.tgz#3d8cadd90d976569fa835ab1f8e4b23a105605a7"
  integrity sha1-PYyt2Q2XZWn6g1qx+OSyOhBWBac=

http-errors@1.7.2:
  version "1.7.2"
  resolved "https://registry.npm.taobao.org/http-errors/download/http-errors-1.7.2.tgz#4f5029cf13239f31036e5b2e55292bcfbcc85c8f"
  integrity sha1-T1ApzxMjnzEDblsuVSkrz7zIXI8=
  dependencies:
    depd "~1.1.2"
    inherits "2.0.3"
    setprototypeof "1.1.1"
    statuses ">= 1.5.0 < 2"
    toidentifier "1.0.0"

http-errors@~1.7.2:
  version "1.7.3"
  resolved "https://registry.npm.taobao.org/http-errors/download/http-errors-1.7.3.tgz#6c619e4f9c60308c38519498c14fbb10aacebb06"
  integrity sha1-bGGeT5xgMIw4UZSYwU+7EKrOuwY=
  dependencies:
    depd "~1.1.2"
    inherits "2.0.4"
    setprototypeof "1.1.1"
    statuses ">= 1.5.0 < 2"
    toidentifier "1.0.0"

iconv-lite@0.4.24:
  version "0.4.24"
  resolved "https://registry.nlark.com/iconv-lite/download/iconv-lite-0.4.24.tgz#2022b4b25fbddc21d2f524974a474aafe733908b"
  integrity sha1-ICK0sl+93CHS9SSXSkdKr+czkIs=
  dependencies:
    safer-buffer ">= 2.1.2 < 3"

ieee754@^1.1.13:
  version "1.2.1"
  resolved "https://registry.npm.taobao.org/ieee754/download/ieee754-1.2.1.tgz#8eb7a10a63fff25d15a57b001586d177d1b0d352"
  integrity sha1-jrehCmP/8l0VpXsAFYbRd9Gw01I=

inherits@2.0.3:
  version "2.0.3"
  resolved "https://registry.npm.taobao.org/inherits/download/inherits-2.0.3.tgz#633c2c83e3da42a502f52466022480f4208261de"
  integrity sha1-Yzwsg+PaQqUC9SRmAiSA9CCCYd4=

inherits@2.0.4, inherits@^2.0.1:
  version "2.0.4"
  resolved "https://registry.npm.taobao.org/inherits/download/inherits-2.0.4.tgz#0fa2c64f932917c3433a0ded55363aae37416b7c"
  integrity sha1-D6LGT5MpF8NDOg3tVTY6rjdBa3w=

ipaddr.js@1.9.1:
  version "1.9.1"
  resolved "https://registry.nlark.com/ipaddr.js/download/ipaddr.js-1.9.1.tgz#bff38543eeb8984825079ff3a2a8e6cbd46781b3"
  integrity sha1-v/OFQ+64mEglB5/zoqjmy9RngbM=

is-buffer@~1.1.6:
  version "1.1.6"
  resolved "https://registry.npm.taobao.org/is-buffer/download/is-buffer-1.1.6.tgz#efaa2ea9daa0d7ab2ea13a97b2b8ad51fefbe8be"
  integrity sha1-76ouqdqg16suoTqXsritUf776L4=

"js-tokens@^3.0.0 || ^4.0.0":
  version "4.0.0"
  resolved "https://registry.nlark.com/js-tokens/download/js-tokens-4.0.0.tgz?cache=0&sync_timestamp=1619345098261&other_urls=https%3A%2F%2Fregistry.nlark.com%2Fjs-tokens%2Fdownload%2Fjs-tokens-4.0.0.tgz#19203fb59991df98e3a287050d4647cdeaf32499"
  integrity sha1-GSA/tZmR35jjoocFDUZHzerzJJk=

json2mq@^0.2.0:
  version "0.2.0"
  resolved "https://registry.nlark.com/json2mq/download/json2mq-0.2.0.tgz#b637bd3ba9eabe122c83e9720483aeb10d2c904a"
  integrity sha1-tje9O6nqvhIsg+lyBIOusQ0skEo=
  dependencies:
    string-convert "^0.2.0"

kareem@2.3.2:
  version "2.3.2"
  resolved "https://registry.npm.taobao.org/kareem/download/kareem-2.3.2.tgz#78c4508894985b8d38a0dc15e1a8e11078f2ca93"
  integrity sha1-eMRQiJSYW404oNwV4ajhEHjyypM=

kruptein@^3.0.0:
  version "3.0.3"
  resolved "https://registry.nlark.com/kruptein/download/kruptein-3.0.3.tgz#2073eba5cccbe5ad510b03416950f8a3e2e394c4"
  integrity sha1-IHPrpczL5a1RCwNBaVD4o+LjlMQ=
  dependencies:
    asn1.js "^5.4.1"

lodash@^4.17.21:
  version "4.17.21"
  resolved "https://registry.npm.taobao.org/lodash/download/lodash-4.17.21.tgz?cache=0&sync_timestamp=1615982514995&other_urls=https%3A%2F%2Fregistry.npm.taobao.org%2Flodash%2Fdownload%2Flodash-4.17.21.tgz#679591c564c3bffaae8454cf0b3df370c3d6911c"
  integrity sha1-Z5WRxWTDv/quhFTPCz3zcMPWkRw=

loose-envify@^1.0.0:
  version "1.4.0"
  resolved "https://registry.nlark.com/loose-envify/download/loose-envify-1.4.0.tgz#71ee51fa7be4caec1a63839f7e682d8132d30caf"
  integrity sha1-ce5R+nvkyuwaY4OffmgtgTLTDK8=
  dependencies:
    js-tokens "^3.0.0 || ^4.0.0"

md5@^2.3.0:
  version "2.3.0"
  resolved "https://registry.npm.taobao.org/md5/download/md5-2.3.0.tgz#c3da9a6aae3a30b46b7b0c349b87b110dc3bda4f"
  integrity sha1-w9qaaq46MLRreww0m4exENw72k8=
  dependencies:
    charenc "0.0.2"
    crypt "0.0.2"
    is-buffer "~1.1.6"

media-typer@0.3.0:
  version "0.3.0"
  resolved "https://registry.npm.taobao.org/media-typer/download/media-typer-0.3.0.tgz#8710d7af0aa626f8fffa1ce00168545263255748"
  integrity sha1-hxDXrwqmJvj/+hzgAWhUUmMlV0g=

memory-pager@^1.0.2:
  version "1.5.0"
  resolved "https://registry.npm.taobao.org/memory-pager/download/memory-pager-1.5.0.tgz#d8751655d22d384682741c972f2c3d6dfa3e66b5"
  integrity sha1-2HUWVdItOEaCdByXLyw9bfo+ZrU=

merge-descriptors@1.0.1:
  version "1.0.1"
  resolved "https://registry.npm.taobao.org/merge-descriptors/download/merge-descriptors-1.0.1.tgz#b00aaa556dd8b44568150ec9d1b953f3f90cbb61"
  integrity sha1-sAqqVW3YtEVoFQ7J0blT8/kMu2E=

methods@~1.1.2:
  version "1.1.2"
  resolved "https://registry.npm.taobao.org/methods/download/methods-1.1.2.tgz#5529a4d67654134edcc5266656835b0f851afcee"
  integrity sha1-VSmk1nZUE07cxSZmVoNbD4Ua/O4=

mime-db@1.50.0:
  version "1.50.0"
  resolved "https://registry.nlark.com/mime-db/download/mime-db-1.50.0.tgz?cache=0&sync_timestamp=1631863111146&other_urls=https%3A%2F%2Fregistry.nlark.com%2Fmime-db%2Fdownload%2Fmime-db-1.50.0.tgz#abd4ac94e98d3c0e185016c67ab45d5fde40c11f"
  integrity sha1-q9SslOmNPA4YUBbGerRdX95AwR8=

mime-types@~2.1.24:
  version "2.1.33"
  resolved "https://registry.npmmirror.com/mime-types/download/mime-types-2.1.33.tgz?cache=0&sync_timestamp=1633108258894&other_urls=https%3A%2F%2Fregistry.npmmirror.com%2Fmime-types%2Fdownload%2Fmime-types-2.1.33.tgz#1fa12a904472fafd068e48d9e8401f74d3f70edb"
  integrity sha1-H6EqkERy+v0GjkjZ6EAfdNP3Dts=
  dependencies:
    mime-db "1.50.0"

mime@1.6.0:
  version "1.6.0"
  resolved "https://registry.npmmirror.com/mime/download/mime-1.6.0.tgz#32cd9e5c64553bd58d19a568af452acff04981b1"
  integrity sha1-Ms2eXGRVO9WNGaVor0Uqz/BJgbE=

minimalistic-assert@^1.0.0:
  version "1.0.1"
  resolved "https://registry.npm.taobao.org/minimalistic-assert/download/minimalistic-assert-1.0.1.tgz#2e194de044626d4a10e7f7fbc00ce73e83e4d5c7"
  integrity sha1-LhlN4ERibUoQ5/f7wAznPoPk1cc=

moment@^2.24.0, moment@^2.25.3:
  version "2.29.1"
  resolved "https://registry.nlark.com/moment/download/moment-2.29.1.tgz#b2be769fa31940be9eeea6469c075e35006fa3d3"
  integrity sha1-sr52n6MZQL6e7qZGnAdeNQBvo9M=

mongodb-connection-string-url@^2.0.0:
  version "2.1.0"
  resolved "https://registry.nlark.com/mongodb-connection-string-url/download/mongodb-connection-string-url-2.1.0.tgz#9c522c11c37f571fecddcb267ac4a76ef432aeb7"
  integrity sha1-nFIsEcN/Vx/s3csmesSnbvQyrrc=
  dependencies:
    "@types/whatwg-url" "^8.2.1"
    whatwg-url "^9.1.0"

mongodb@4.1.3:
  version "4.1.3"
  resolved "https://registry.npmmirror.com/mongodb/download/mongodb-4.1.3.tgz#8bf24d782ba3f3833201f4e60b0307d87980ba71"
  integrity sha1-i/JNeCuj84MyAfTmCwMH2HmAunE=
  dependencies:
    bson "^4.5.2"
    denque "^2.0.1"
    mongodb-connection-string-url "^2.0.0"
  optionalDependencies:
    saslprep "^1.0.3"

mongoose@^6.0.11:
  version "6.0.12"
  resolved "https://registry.npmmirror.com/mongoose/download/mongoose-6.0.12.tgz?cache=0&sync_timestamp=1635880331551&other_urls=https%3A%2F%2Fregistry.npmmirror.com%2Fmongoose%2Fdownload%2Fmongoose-6.0.12.tgz#a22727d52ca9e9ce3996330b895afe5cde75af3c"
  integrity sha1-oicn1Syp6c45ljMLiVr+XN51rzw=
  dependencies:
    bson "^4.2.2"
    kareem "2.3.2"
    mongodb "4.1.3"
    mpath "0.8.4"
    mquery "4.0.0"
    ms "2.1.2"
    regexp-clone "1.0.0"
    sift "13.5.2"
    sliced "1.0.1"

mpath@0.8.4:
  version "0.8.4"
  resolved "https://registry.nlark.com/mpath/download/mpath-0.8.4.tgz?cache=0&sync_timestamp=1630509527824&other_urls=https%3A%2F%2Fregistry.nlark.com%2Fmpath%2Fdownload%2Fmpath-0.8.4.tgz#6b566d9581621d9e931dd3b142ed3618e7599313"
  integrity sha1-a1ZtlYFiHZ6THdOxQu02GOdZkxM=

mquery@4.0.0:
  version "4.0.0"
  resolved "https://registry.nlark.com/mquery/download/mquery-4.0.0.tgz?cache=0&sync_timestamp=1629842765284&other_urls=https%3A%2F%2Fregistry.nlark.com%2Fmquery%2Fdownload%2Fmquery-4.0.0.tgz#6c62160ad25289e99e0840907757cdfd62bde775"
  integrity sha1-bGIWCtJSiemeCECQd1fN/WK953U=
  dependencies:
    debug "4.x"
    regexp-clone "^1.0.0"
    sliced "1.0.1"

ms@2.0.0:
  version "2.0.0"
  resolved "https://registry.npmmirror.com/ms/download/ms-2.0.0.tgz#5608aeadfc00be6c2901df5f9861788de0d597c8"
  integrity sha1-VgiurfwAvmwpAd9fmGF4jeDVl8g=

ms@2.1.1:
  version "2.1.1"
  resolved "https://registry.npmmirror.com/ms/download/ms-2.1.1.tgz#30a5864eb3ebb0a66f2ebe6d727af06a09d86e0a"
  integrity sha1-MKWGTrPrsKZvLr5tcnrwagnYbgo=

ms@2.1.2:
  version "2.1.2"
  resolved "https://registry.npmmirror.com/ms/download/ms-2.1.2.tgz#d09d1f357b443f493382a8eb3ccd183872ae6009"
  integrity sha1-0J0fNXtEP0kzgqjrPM0YOHKuYAk=

negotiator@0.6.2:
  version "0.6.2"
  resolved "https://registry.npm.taobao.org/negotiator/download/negotiator-0.6.2.tgz#feacf7ccf525a77ae9634436a64883ffeca346fb"
  integrity sha1-/qz3zPUlp3rpY0Q2pkiD/+yjRvs=

on-finished@~2.3.0:
  version "2.3.0"
  resolved "https://registry.npm.taobao.org/on-finished/download/on-finished-2.3.0.tgz#20f1336481b083cd75337992a16971aa2d906947"
  integrity sha1-IPEzZIGwg811M3mSoWlxqi2QaUc=
  dependencies:
    ee-first "1.1.1"

on-headers@~1.0.2:
  version "1.0.2"
  resolved "https://registry.nlark.com/on-headers/download/on-headers-1.0.2.tgz#772b0ae6aaa525c399e489adfad90c403eb3c28f"
  integrity sha1-dysK5qqlJcOZ5Imt+tkMQD6zwo8=

parseurl@~1.3.3:
  version "1.3.3"
  resolved "https://registry.npm.taobao.org/parseurl/download/parseurl-1.3.3.tgz?cache=0&sync_timestamp=1615984376007&other_urls=https%3A%2F%2Fregistry.npm.taobao.org%2Fparseurl%2Fdownload%2Fparseurl-1.3.3.tgz#9da19e7bee8d12dff0513ed5b76957793bc2e8d4"
  integrity sha1-naGee+6NEt/wUT7Vt2lXeTvC6NQ=

path-to-regexp@0.1.7:
  version "0.1.7"
  resolved "https://registry.npm.taobao.org/path-to-regexp/download/path-to-regexp-0.1.7.tgz#df604178005f522f15eb4490e7247a1bfaa67f8c"
  integrity sha1-32BBeABfUi8V60SQ5yR6G/qmf4w=

proxy-addr@~2.0.5:
  version "2.0.7"
  resolved "https://registry.nlark.com/proxy-addr/download/proxy-addr-2.0.7.tgz#f19fe69ceab311eeb94b42e70e8c2070f9ba1025"
  integrity sha1-8Z/mnOqzEe65S0LnDowgcPm6ECU=
  dependencies:
    forwarded "0.2.0"
    ipaddr.js "1.9.1"

punycode@^2.1.1:
  version "2.1.1"
  resolved "https://registry.npm.taobao.org/punycode/download/punycode-2.1.1.tgz#b58b010ac40c22c5657616c8d2c2c02c7bf479ec"
  integrity sha1-tYsBCsQMIsVldhbI0sLALHv0eew=

qs@6.7.0:
  version "6.7.0"
  resolved "https://registry.npm.taobao.org/qs/download/qs-6.7.0.tgz?cache=0&sync_timestamp=1616385315895&other_urls=https%3A%2F%2Fregistry.npm.taobao.org%2Fqs%2Fdownload%2Fqs-6.7.0.tgz#41dc1a015e3d581f1621776be31afb2876a9b1bc"
  integrity sha1-QdwaAV49WB8WIXdr4xr7KHapsbw=

random-bytes@~1.0.0:
  version "1.0.0"
  resolved "https://registry.npm.taobao.org/random-bytes/download/random-bytes-1.0.0.tgz#4f68a1dc0ae58bd3fb95848c30324db75d64360b"
  integrity sha1-T2ih3Arli9P7lYSMMDJNt11kNgs=

range-parser@~1.2.1:
  version "1.2.1"
  resolved "https://registry.npm.taobao.org/range-parser/download/range-parser-1.2.1.tgz#3cf37023d199e1c24d1a55b84800c2f3e6468031"
  integrity sha1-PPNwI9GZ4cJNGlW4SADC8+ZGgDE=

raw-body@2.4.0:
  version "2.4.0"
  resolved "https://registry.nlark.com/raw-body/download/raw-body-2.4.0.tgz#a1ce6fb9c9bc356ca52e89256ab59059e13d0332"
  integrity sha1-oc5vucm8NWylLoklarWQWeE9AzI=
  dependencies:
    bytes "3.1.0"
    http-errors "1.7.2"
    iconv-lite "0.4.24"
    unpipe "1.0.0"

rc-align@^4.0.0:
  version "4.0.11"
  resolved "https://registry.nlark.com/rc-align/download/rc-align-4.0.11.tgz#8198c62db266bc1b8ef05e56c13275bf72628a5e"
  integrity sha1-gZjGLbJmvBuO8F5WwTJ1v3Jiil4=
  dependencies:
    "@babel/runtime" "^7.10.1"
    classnames "2.x"
    dom-align "^1.7.0"
    lodash "^4.17.21"
    rc-util "^5.3.0"
    resize-observer-polyfill "^1.5.1"

rc-cascader@~1.4.0:
  version "1.4.3"
  resolved "https://registry.npmmirror.com/rc-cascader/download/rc-cascader-1.4.3.tgz?cache=0&sync_timestamp=1636105137473&other_urls=https%3A%2F%2Fregistry.npmmirror.com%2Frc-cascader%2Fdownload%2Frc-cascader-1.4.3.tgz#d91b0dcf8157b60ebe9ec3e58b4db054d5299464"
  integrity sha1-2RsNz4FXtg6+nsPli02wVNUplGQ=
  dependencies:
    "@babel/runtime" "^7.12.5"
    array-tree-filter "^2.1.0"
    rc-trigger "^5.0.4"
    rc-util "^5.0.1"
    warning "^4.0.1"

rc-checkbox@~2.3.0:
  version "2.3.2"
  resolved "https://registry.npm.taobao.org/rc-checkbox/download/rc-checkbox-2.3.2.tgz#f91b3678c7edb2baa8121c9483c664fa6f0aefc1"
  integrity sha1-+Rs2eMftsrqoEhyUg8Zk+m8K78E=
  dependencies:
    "@babel/runtime" "^7.10.1"
    classnames "^2.2.1"

rc-collapse@~3.1.0:
  version "3.1.2"
  resolved "https://registry.nlark.com/rc-collapse/download/rc-collapse-3.1.2.tgz?cache=0&sync_timestamp=1630552301504&other_urls=https%3A%2F%2Fregistry.nlark.com%2Frc-collapse%2Fdownload%2Frc-collapse-3.1.2.tgz#76028a811b845d03d9460ccc409c7ea8ad09db14"
  integrity sha1-dgKKgRuEXQPZRgzMQJx+qK0J2xQ=
  dependencies:
    "@babel/runtime" "^7.10.1"
    classnames "2.x"
    rc-motion "^2.3.4"
    rc-util "^5.2.1"
    shallowequal "^1.1.0"

rc-dialog@~8.6.0:
  version "8.6.0"
  resolved "https://registry.nlark.com/rc-dialog/download/rc-dialog-8.6.0.tgz?cache=0&sync_timestamp=1627272854767&other_urls=https%3A%2F%2Fregistry.nlark.com%2Frc-dialog%2Fdownload%2Frc-dialog-8.6.0.tgz#3b228dac085de5eed8c6237f31162104687442e7"
  integrity sha1-OyKNrAhd5e7YxiN/MRYhBGh0Quc=
  dependencies:
    "@babel/runtime" "^7.10.1"
    classnames "^2.2.6"
    rc-motion "^2.3.0"
    rc-util "^5.6.1"

rc-drawer@~4.3.0:
  version "4.3.1"
  resolved "https://registry.nlark.com/rc-drawer/download/rc-drawer-4.3.1.tgz#356333a7af01b777abd685c96c2ce62efb44f3f3"
  integrity sha1-NWMzp68Bt3er1oXJbCzmLvtE8/M=
  dependencies:
    "@babel/runtime" "^7.10.1"
    classnames "^2.2.6"
    rc-util "^5.7.0"

rc-dropdown@^3.2.0, rc-dropdown@~3.2.0:
  version "3.2.0"
  resolved "https://registry.npm.taobao.org/rc-dropdown/download/rc-dropdown-3.2.0.tgz#da6c2ada403842baee3a9e909a0b1a91ba3e1090"
  integrity sha1-2mwq2kA4QrruOp6Qmgsakbo+EJA=
  dependencies:
    "@babel/runtime" "^7.10.1"
    classnames "^2.2.6"
    rc-trigger "^5.0.4"

rc-field-form@~1.20.0:
  version "1.20.1"
  resolved "https://registry.npmmirror.com/rc-field-form/download/rc-field-form-1.20.1.tgz#d1c51888107cf075b42704b7b575bef84c359291"
  integrity sha1-0cUYiBB88HW0JwS3tXW++Ew1kpE=
  dependencies:
    "@babel/runtime" "^7.8.4"
    async-validator "^3.0.3"
    rc-util "^5.8.0"

rc-image@~5.2.5:
  version "5.2.5"
  resolved "https://registry.nlark.com/rc-image/download/rc-image-5.2.5.tgz?cache=0&other_urls=https%3A%2F%2Fregistry.nlark.com%2Frc-image%2Fdownload%2Frc-image-5.2.5.tgz#44e6ffc842626827960e7ab72e1c0d6f3a8ce440"
  integrity sha1-ROb/yEJiaCeWDnq3LhwNbzqM5EA=
  dependencies:
    "@babel/runtime" "^7.11.2"
    classnames "^2.2.6"
    rc-dialog "~8.6.0"
    rc-util "^5.0.6"

rc-input-number@~7.1.0:
  version "7.1.4"
  resolved "https://registry.npmmirror.com/rc-input-number/download/rc-input-number-7.1.4.tgz?cache=0&sync_timestamp=1632819672933&other_urls=https%3A%2F%2Fregistry.npmmirror.com%2Frc-input-number%2Fdownload%2Frc-input-number-7.1.4.tgz#9d7410c91ff8dc6384d0233c20df278982989f9a"
  integrity sha1-nXQQyR/43GOE0CM8IN8niYKYn5o=
  dependencies:
    "@babel/runtime" "^7.10.1"
    classnames "^2.2.5"
    rc-util "^5.9.8"

rc-mentions@~1.6.1:
  version "1.6.1"
  resolved "https://registry.nlark.com/rc-mentions/download/rc-mentions-1.6.1.tgz#46035027d64aa33ef840ba0fbd411871e34617ae"
  integrity sha1-RgNQJ9ZKoz74QLoPvUEYceNGF64=
  dependencies:
    "@babel/runtime" "^7.10.1"
    classnames "^2.2.6"
    rc-menu "^9.0.0"
    rc-textarea "^0.3.0"
    rc-trigger "^5.0.4"
    rc-util "^5.0.1"

rc-menu@^9.0.0, rc-menu@~9.0.12:
  version "9.0.14"
  resolved "https://registry.npmmirror.com/rc-menu/download/rc-menu-9.0.14.tgz?cache=0&sync_timestamp=1634108717351&other_urls=https%3A%2F%2Fregistry.npmmirror.com%2Frc-menu%2Fdownload%2Frc-menu-9.0.14.tgz#289bda4a2f6c5ebb3248e2e305d52cf0c73cb9d5"
  integrity sha1-KJvaSi9sXrsySOLjBdUs8Mc8udU=
  dependencies:
    "@babel/runtime" "^7.10.1"
    classnames "2.x"
    rc-motion "^2.4.3"
    rc-overflow "^1.2.0"
    rc-trigger "^5.1.2"
    rc-util "^5.12.0"
    shallowequal "^1.1.0"

rc-motion@^2.0.0, rc-motion@^2.0.1, rc-motion@^2.2.0, rc-motion@^2.3.0, rc-motion@^2.3.4, rc-motion@^2.4.0, rc-motion@^2.4.3:
  version "2.4.4"
  resolved "https://registry.nlark.com/rc-motion/download/rc-motion-2.4.4.tgz?cache=0&sync_timestamp=1622690263011&other_urls=https%3A%2F%2Fregistry.nlark.com%2Frc-motion%2Fdownload%2Frc-motion-2.4.4.tgz#e995d5fa24fc93065c24f714857cf2677d655bb0"
  integrity sha1-6ZXV+iT8kwZcJPcUhXzyZ31lW7A=
  dependencies:
    "@babel/runtime" "^7.11.1"
    classnames "^2.2.1"
    rc-util "^5.2.1"

rc-notification@~4.5.7:
  version "4.5.7"
  resolved "https://registry.nlark.com/rc-notification/download/rc-notification-4.5.7.tgz#265e6e6a0c1a0fac63d6abd4d832eb8ff31522f1"
  integrity sha1-Jl5uagwaD6xj1qvU2DLrj/MVIvE=
  dependencies:
    "@babel/runtime" "^7.10.1"
    classnames "2.x"
    rc-motion "^2.2.0"
    rc-util "^5.0.1"

rc-overflow@^1.0.0, rc-overflow@^1.2.0:
  version "1.2.2"
  resolved "https://registry.nlark.com/rc-overflow/download/rc-overflow-1.2.2.tgz#95b0222016c0cdbdc0db85f569c262e7706a5f22"
  integrity sha1-lbAiIBbAzb3A24X1acJi53BqXyI=
  dependencies:
    "@babel/runtime" "^7.11.1"
    classnames "^2.2.1"
    rc-resize-observer "^1.0.0"
    rc-util "^5.5.1"

rc-pagination@~3.1.9:
  version "3.1.9"
  resolved "https://registry.nlark.com/rc-pagination/download/rc-pagination-3.1.9.tgz?cache=0&sync_timestamp=1628422289066&other_urls=https%3A%2F%2Fregistry.nlark.com%2Frc-pagination%2Fdownload%2Frc-pagination-3.1.9.tgz#797ad75d85b1ef7a82801207ead410110337fdd6"
  integrity sha1-eXrXXYWx73qCgBIH6tQQEQM3/dY=
  dependencies:
    "@babel/runtime" "^7.10.1"
    classnames "^2.2.1"

rc-picker@~2.5.10:
  version "2.5.19"
  resolved "https://registry.npmmirror.com/rc-picker/download/rc-picker-2.5.19.tgz#73d07546fac3992f0bfabf2789654acada39e46f"
  integrity sha1-c9B1RvrDmS8L+r8niWVKyto55G8=
  dependencies:
    "@babel/runtime" "^7.10.1"
    classnames "^2.2.1"
    date-fns "2.x"
    dayjs "1.x"
    moment "^2.24.0"
    rc-trigger "^5.0.4"
    rc-util "^5.4.0"
    shallowequal "^1.1.0"

rc-progress@~3.1.0:
  version "3.1.4"
  resolved "https://registry.nlark.com/rc-progress/download/rc-progress-3.1.4.tgz#66040d0fae7d8ced2b38588378eccb2864bad615"
  integrity sha1-ZgQND659jO0rOFiDeOzLKGS61hU=
  dependencies:
    "@babel/runtime" "^7.10.1"
    classnames "^2.2.6"

rc-rate@~2.9.0:
  version "2.9.1"
  resolved "https://registry.npm.taobao.org/rc-rate/download/rc-rate-2.9.1.tgz#e43cb95c4eb90a2c1e0b16ec6614d8c43530a731"
  integrity sha1-5Dy5XE65CiweCxbsZhTYxDUwpzE=
  dependencies:
    "@babel/runtime" "^7.10.1"
    classnames "^2.2.5"
    rc-util "^5.0.1"

rc-resize-observer@^1.0.0:
  version "1.0.1"
  resolved "https://registry.nlark.com/rc-resize-observer/download/rc-resize-observer-1.0.1.tgz?cache=0&sync_timestamp=1630564508534&other_urls=https%3A%2F%2Fregistry.nlark.com%2Frc-resize-observer%2Fdownload%2Frc-resize-observer-1.0.1.tgz#ccd0986543ff1bf49f8a581e8ac4bb714ed24dcd"
  integrity sha1-zNCYZUP/G/SfilgeisS7cU7STc0=
  dependencies:
    "@babel/runtime" "^7.10.1"
    classnames "^2.2.1"
    rc-util "^5.0.0"
    resize-observer-polyfill "^1.5.1"

rc-select@^12.0.0, rc-select@~12.1.6:
  version "12.1.13"
  resolved "https://registry.npmmirror.com/rc-select/download/rc-select-12.1.13.tgz#c33560ccb9339d30695b52458f55efc35af35273"
  integrity sha1-wzVgzLkznTBpW1JFj1Xvw1rzUnM=
  dependencies:
    "@babel/runtime" "^7.10.1"
    classnames "2.x"
    rc-motion "^2.0.1"
    rc-overflow "^1.0.0"
    rc-trigger "^5.0.4"
    rc-util "^5.9.8"
    rc-virtual-list "^3.2.0"

rc-slider@~9.7.1:
  version "9.7.4"
  resolved "https://registry.npmmirror.com/rc-slider/download/rc-slider-9.7.4.tgz#430c860723bf6445ebf53517b550417a2f25eed1"
  integrity sha1-QwyGByO/ZEXr9TUXtVBBei8l7tE=
  dependencies:
    "@babel/runtime" "^7.10.1"
    classnames "^2.2.5"
    rc-tooltip "^5.0.1"
    rc-util "^5.0.0"
    shallowequal "^1.1.0"

rc-steps@~4.1.0:
  version "4.1.4"
  resolved "https://registry.npmmirror.com/rc-steps/download/rc-steps-4.1.4.tgz#0ba82db202d59ca52d0693dc9880dd145b19dc23"
  integrity sha1-C6gtsgLVnKUtBpPcmIDdFFsZ3CM=
  dependencies:
    "@babel/runtime" "^7.10.2"
    classnames "^2.2.3"
    rc-util "^5.0.1"

rc-switch@~3.2.0:
  version "3.2.2"
  resolved "https://registry.npm.taobao.org/rc-switch/download/rc-switch-3.2.2.tgz#d001f77f12664d52595b4f6fb425dd9e66fba8e8"
  integrity sha1-0AH3fxJmTVJZW09vtCXdnmb7qOg=
  dependencies:
    "@babel/runtime" "^7.10.1"
    classnames "^2.2.1"
    rc-util "^5.0.1"

rc-table@~7.15.1:
  version "7.15.2"
  resolved "https://registry.npmmirror.com/rc-table/download/rc-table-7.15.2.tgz?cache=0&sync_timestamp=1636024979129&other_urls=https%3A%2F%2Fregistry.npmmirror.com%2Frc-table%2Fdownload%2Frc-table-7.15.2.tgz#f6ab73b2cfb1c76f3cf9682c855561423c6b5b22"
  integrity sha1-9qtzss+xx288+WgshVVhQjxrWyI=
  dependencies:
    "@babel/runtime" "^7.10.1"
    classnames "^2.2.5"
    rc-resize-observer "^1.0.0"
    rc-util "^5.13.0"
    shallowequal "^1.1.0"

rc-tabs@~11.10.0:
  version "11.10.2"
  resolved "https://registry.npmmirror.com/rc-tabs/download/rc-tabs-11.10.2.tgz#478135f0e6a0c1ff49905638b27b9a5e8cd232a2"
  integrity sha1-R4E18Oagwf9JkFY4snuaXozSMqI=
  dependencies:
    "@babel/runtime" "^7.11.2"
    classnames "2.x"
    rc-dropdown "^3.2.0"
    rc-menu "^9.0.0"
    rc-resize-observer "^1.0.0"
    rc-util "^5.5.0"

rc-textarea@^0.3.0, rc-textarea@~0.3.0:
  version "0.3.5"
  resolved "https://registry.nlark.com/rc-textarea/download/rc-textarea-0.3.5.tgz?cache=0&sync_timestamp=1629365057410&other_urls=https%3A%2F%2Fregistry.nlark.com%2Frc-textarea%2Fdownload%2Frc-textarea-0.3.5.tgz#07ed445dddb94e5ae6764676923a49bddad9b2ec"
  integrity sha1-B+1EXd25TlrmdkZ2kjpJvdrZsuw=
  dependencies:
    "@babel/runtime" "^7.10.1"
    classnames "^2.2.1"
    rc-resize-observer "^1.0.0"
    rc-util "^5.7.0"

rc-tooltip@^5.0.1, rc-tooltip@~5.1.1:
  version "5.1.1"
  resolved "https://registry.nlark.com/rc-tooltip/download/rc-tooltip-5.1.1.tgz?cache=0&sync_timestamp=1620376922725&other_urls=https%3A%2F%2Fregistry.nlark.com%2Frc-tooltip%2Fdownload%2Frc-tooltip-5.1.1.tgz#94178ed162d0252bc4993b725f5dc2ac0fccf154"
  integrity sha1-lBeO0WLQJSvEmTtyX13CrA/M8VQ=
  dependencies:
    "@babel/runtime" "^7.11.2"
    rc-trigger "^5.0.0"

rc-tree-select@~4.3.0:
  version "4.3.3"
  resolved "https://registry.npmmirror.com/rc-tree-select/download/rc-tree-select-4.3.3.tgz#28eba4d8a8dc8c0f9b61d83ce465842a6915eca4"
  integrity sha1-KOuk2KjcjA+bYdg85GWEKmkV7KQ=
  dependencies:
    "@babel/runtime" "^7.10.1"
    classnames "2.x"
    rc-select "^12.0.0"
    rc-tree "^4.0.0"
    rc-util "^5.0.5"

rc-tree@^4.0.0, rc-tree@~4.2.1:
  version "4.2.2"
  resolved "https://registry.npmmirror.com/rc-tree/download/rc-tree-4.2.2.tgz#4429187cbbfbecbe989714a607e3de8b3ab7763f"
  integrity sha1-RCkYfLv77L6YlxSmB+Peizq3dj8=
  dependencies:
    "@babel/runtime" "^7.10.1"
    classnames "2.x"
    rc-motion "^2.0.1"
    rc-util "^5.0.0"
    rc-virtual-list "^3.0.1"

rc-trigger@^5.0.0, rc-trigger@^5.0.4, rc-trigger@^5.1.2, rc-trigger@^5.2.10:
  version "5.2.10"
  resolved "https://registry.nlark.com/rc-trigger/download/rc-trigger-5.2.10.tgz#8a0057a940b1b9027eaa33beec8a6ecd85cce2b1"
  integrity sha1-igBXqUCxuQJ+qjO+7IpuzYXM4rE=
  dependencies:
    "@babel/runtime" "^7.11.2"
    classnames "^2.2.6"
    rc-align "^4.0.0"
    rc-motion "^2.0.0"
    rc-util "^5.5.0"

rc-upload@~4.3.0:
  version "4.3.2"
  resolved "https://registry.npmmirror.com/rc-upload/download/rc-upload-4.3.2.tgz#3b56c8bdf7b25eab357e65453e032b7b10c6f3cc"
  integrity sha1-O1bIvfeyXqs1fmVFPgMrexDG88w=
  dependencies:
    "@babel/runtime" "^7.10.1"
    classnames "^2.2.5"
    rc-util "^5.2.0"

rc-util@^5.0.0, rc-util@^5.0.1, rc-util@^5.0.5, rc-util@^5.0.6, rc-util@^5.0.7, rc-util@^5.12.0, rc-util@^5.13.0, rc-util@^5.13.1, rc-util@^5.2.0, rc-util@^5.2.1, rc-util@^5.3.0, rc-util@^5.4.0, rc-util@^5.5.0, rc-util@^5.5.1, rc-util@^5.6.1, rc-util@^5.7.0, rc-util@^5.8.0, rc-util@^5.9.4, rc-util@^5.9.8:
  version "5.14.0"
  resolved "https://registry.nlark.com/rc-util/download/rc-util-5.14.0.tgz?cache=0&sync_timestamp=1631611509279&other_urls=https%3A%2F%2Fregistry.nlark.com%2Frc-util%2Fdownload%2Frc-util-5.14.0.tgz#52c650e27570c2c47f7936c7d32eaec5212492a8"
  integrity sha1-UsZQ4nVwwsR/eTbH0y6uxSEkkqg=
  dependencies:
    "@babel/runtime" "^7.12.5"
    react-is "^16.12.0"
    shallowequal "^1.1.0"

rc-virtual-list@^3.0.1, rc-virtual-list@^3.2.0:
  version "3.4.2"
  resolved "https://registry.npmmirror.com/rc-virtual-list/download/rc-virtual-list-3.4.2.tgz#1078327aa7230b5e456d679ed2ce99f3c036ebd1"
  integrity sha1-EHgyeqcjC15FbWee0s6Z88A269E=
  dependencies:
    classnames "^2.2.6"
    rc-resize-observer "^1.0.0"
    rc-util "^5.0.7"

react-is@^16.12.0:
  version "16.13.1"
  resolved "https://registry.npmmirror.com/react-is/download/react-is-16.13.1.tgz?cache=0&sync_timestamp=1636388144887&other_urls=https%3A%2F%2Fregistry.npmmirror.com%2Freact-is%2Fdownload%2Freact-is-16.13.1.tgz#789729a4dc36de2999dc156dd6c1d9c18cea56a4"
  integrity sha1-eJcppNw23imZ3BVt1sHZwYzqVqQ=

regenerator-runtime@^0.13.4:
  version "0.13.9"
  resolved "https://registry.nlark.com/regenerator-runtime/download/regenerator-runtime-0.13.9.tgz?cache=0&sync_timestamp=1626993001371&other_urls=https%3A%2F%2Fregistry.nlark.com%2Fregenerator-runtime%2Fdownload%2Fregenerator-runtime-0.13.9.tgz#8925742a98ffd90814988d7566ad30ca3b263b52"
  integrity sha1-iSV0Kpj/2QgUmI11Zq0wyjsmO1I=

regexp-clone@1.0.0, regexp-clone@^1.0.0:
  version "1.0.0"
  resolved "https://registry.npm.taobao.org/regexp-clone/download/regexp-clone-1.0.0.tgz#222db967623277056260b992626354a04ce9bf63"
  integrity sha1-Ii25Z2IydwViYLmSYmNUoEzpv2M=

resize-observer-polyfill@^1.5.0, resize-observer-polyfill@^1.5.1:
  version "1.5.1"
  resolved "https://registry.npm.taobao.org/resize-observer-polyfill/download/resize-observer-polyfill-1.5.1.tgz#0e9020dd3d21024458d4ebd27e23e40269810464"
  integrity sha1-DpAg3T0hAkRY1OvSfiPkAmmBBGQ=

safe-buffer@5.1.2:
  version "5.1.2"
  resolved "https://registry.npm.taobao.org/safe-buffer/download/safe-buffer-5.1.2.tgz#991ec69d296e0313747d59bdfd2b745c35f8828d"
  integrity sha1-mR7GnSluAxN0fVm9/St0XDX4go0=

safe-buffer@5.2.1:
  version "5.2.1"
  resolved "https://registry.npm.taobao.org/safe-buffer/download/safe-buffer-5.2.1.tgz#1eaf9fa9bdb1fdd4ec75f58f9cdb4e6b7827eec6"
  integrity sha1-Hq+fqb2x/dTsdfWPnNtOa3gn7sY=

"safer-buffer@>= 2.1.2 < 3", safer-buffer@^2.1.0:
  version "2.1.2"
  resolved "https://registry.npm.taobao.org/safer-buffer/download/safer-buffer-2.1.2.tgz#44fa161b0187b9549dd84bb91802f9bd8385cd6a"
  integrity sha1-RPoWGwGHuVSd2Eu5GAL5vYOFzWo=

saslprep@^1.0.3:
  version "1.0.3"
  resolved "https://registry.npm.taobao.org/saslprep/download/saslprep-1.0.3.tgz#4c02f946b56cf54297e347ba1093e7acac4cf226"
  integrity sha1-TAL5RrVs9UKX40e6EJPnrKxM8iY=
  dependencies:
    sparse-bitfield "^3.0.3"

scroll-into-view-if-needed@^2.2.25:
  version "2.2.28"
  resolved "https://registry.npm.taobao.org/scroll-into-view-if-needed/download/scroll-into-view-if-needed-2.2.28.tgz#5a15b2f58a52642c88c8eca584644e01703d645a"
  integrity sha1-WhWy9YpSZCyIyOylhGROAXA9ZFo=
  dependencies:
    compute-scroll-into-view "^1.0.17"

send@0.17.1:
  version "0.17.1"
  resolved "https://registry.npm.taobao.org/send/download/send-0.17.1.tgz#c1d8b059f7900f7466dd4938bdc44e11ddb376c8"
  integrity sha1-wdiwWfeQD3Rm3Uk4vcROEd2zdsg=
  dependencies:
    debug "2.6.9"
    depd "~1.1.2"
    destroy "~1.0.4"
    encodeurl "~1.0.2"
    escape-html "~1.0.3"
    etag "~1.8.1"
    fresh "0.5.2"
    http-errors "~1.7.2"
    mime "1.6.0"
    ms "2.1.1"
    on-finished "~2.3.0"
    range-parser "~1.2.1"
    statuses "~1.5.0"

serve-static@1.14.1:
  version "1.14.1"
  resolved "https://registry.npm.taobao.org/serve-static/download/serve-static-1.14.1.tgz#666e636dc4f010f7ef29970a88a674320898b2f9"
  integrity sha1-Zm5jbcTwEPfvKZcKiKZ0MgiYsvk=
  dependencies:
    encodeurl "~1.0.2"
    escape-html "~1.0.3"
    parseurl "~1.3.3"
    send "0.17.1"

setprototypeof@1.1.1:
  version "1.1.1"
  resolved "https://registry.npm.taobao.org/setprototypeof/download/setprototypeof-1.1.1.tgz#7e95acb24aa92f5885e0abef5ba131330d4ae683"
  integrity sha1-fpWsskqpL1iF4KvvW6ExMw1K5oM=

shallowequal@^1.1.0:
  version "1.1.0"
  resolved "https://registry.npm.taobao.org/shallowequal/download/shallowequal-1.1.0.tgz#188d521de95b9087404fd4dcb68b13df0ae4e7f8"
  integrity sha1-GI1SHelbkIdAT9TctosT3wrk5/g=

sift@13.5.2:
  version "13.5.2"
  resolved "https://registry.npmmirror.com/sift/download/sift-13.5.2.tgz?cache=0&sync_timestamp=1632493727139&other_urls=https%3A%2F%2Fregistry.npmmirror.com%2Fsift%2Fdownload%2Fsift-13.5.2.tgz#24a715e13c617b086166cd04917d204a591c9da6"
  integrity sha1-JKcV4TxhewhhZs0EkX0gSlkcnaY=

sliced@1.0.1:
  version "1.0.1"
  resolved "https://registry.nlark.com/sliced/download/sliced-1.0.1.tgz#0b3a662b5d04c3177b1926bea82b03f837a2ef41"
  integrity sha1-CzpmK10Ewxd7GSa+qCsD+Dei70E=

sparse-bitfield@^3.0.3:
  version "3.0.3"
  resolved "https://registry.npm.taobao.org/sparse-bitfield/download/sparse-bitfield-3.0.3.tgz#ff4ae6e68656056ba4b3e792ab3334d38273ca11"
  integrity sha1-/0rm5oZWBWuks+eSqzM004JzyhE=
  dependencies:
    memory-pager "^1.0.2"

"statuses@>= 1.5.0 < 2", statuses@~1.5.0:
  version "1.5.0"
  resolved "https://registry.npm.taobao.org/statuses/download/statuses-1.5.0.tgz#161c7dac177659fd9811f43771fa99381478628c"
  integrity sha1-Fhx9rBd2Wf2YEfQ3cfqZOBR4Yow=

string-convert@^0.2.0:
  version "0.2.1"
  resolved "https://registry.npm.taobao.org/string-convert/download/string-convert-0.2.1.tgz#6982cc3049fbb4cd85f8b24568b9d9bf39eeff97"
  integrity sha1-aYLMMEn7tM2F+LJFaLnZvznu/5c=

toggle-selection@^1.0.6:
  version "1.0.6"
  resolved "https://registry.nlark.com/toggle-selection/download/toggle-selection-1.0.6.tgz#6e45b1263f2017fa0acc7d89d78b15b8bf77da32"
  integrity sha1-bkWxJj8gF/oKzH2J14sVuL932jI=

toidentifier@1.0.0:
  version "1.0.0"
  resolved "https://registry.npm.taobao.org/toidentifier/download/toidentifier-1.0.0.tgz#7e1be3470f1e77948bc43d94a3c8f4d7752ba553"
  integrity sha1-fhvjRw8ed5SLxD2Uo8j013UrpVM=

tr46@^2.1.0:
  version "2.1.0"
  resolved "https://registry.npmmirror.com/tr46/download/tr46-2.1.0.tgz?cache=0&sync_timestamp=1633302307967&other_urls=https%3A%2F%2Fregistry.npmmirror.com%2Ftr46%2Fdownload%2Ftr46-2.1.0.tgz#fa87aa81ca5d5941da8cbf1f9b749dc969a4e240"
  integrity sha1-+oeqgcpdWUHajL8fm3SdyWmk4kA=
  dependencies:
    punycode "^2.1.1"

type-is@~1.6.17, type-is@~1.6.18:
  version "1.6.18"
  resolved "https://registry.nlark.com/type-is/download/type-is-1.6.18.tgz#4e552cd05df09467dcbc4ef739de89f2cf37c131"
  integrity sha1-TlUs0F3wlGfcvE73Od6J8s83wTE=
  dependencies:
    media-typer "0.3.0"
    mime-types "~2.1.24"

uid-safe@~2.1.5:
  version "2.1.5"
  resolved "https://registry.npm.taobao.org/uid-safe/download/uid-safe-2.1.5.tgz#2b3d5c7240e8fc2e58f8aa269e5ee49c0857bd3a"
  integrity sha1-Kz1cckDo/C5Y+Komnl7knAhXvTo=
  dependencies:
    random-bytes "~1.0.0"

unpipe@1.0.0, unpipe@~1.0.0:
  version "1.0.0"
  resolved "https://registry.npm.taobao.org/unpipe/download/unpipe-1.0.0.tgz#b2bf4ee8514aae6165b4817829d21b2ef49904ec"
  integrity sha1-sr9O6FFKrmFltIF4KdIbLvSZBOw=

utils-merge@1.0.1:
  version "1.0.1"
  resolved "https://registry.npm.taobao.org/utils-merge/download/utils-merge-1.0.1.tgz#9f95710f50a267947b2ccc124741c1028427e713"
  integrity sha1-n5VxD1CiZ5R7LMwSR0HBAoQn5xM=

vary@~1.1.2:
  version "1.1.2"
  resolved "https://registry.nlark.com/vary/download/vary-1.1.2.tgz#2299f02c6ded30d4a5961b0b9f74524a18f634fc"
  integrity sha1-IpnwLG3tMNSllhsLn3RSShj2NPw=

warning@^4.0.1:
  version "4.0.3"
  resolved "https://registry.npm.taobao.org/warning/download/warning-4.0.3.tgz#16e9e077eb8a86d6af7d64aa1e05fd85b4678ca3"
  integrity sha1-Fungd+uKhtavfWSqHgX9hbRnjKM=
  dependencies:
    loose-envify "^1.0.0"

webidl-conversions@^6.1.0:
  version "6.1.0"
  resolved "https://registry.nlark.com/webidl-conversions/download/webidl-conversions-6.1.0.tgz#9111b4d7ea80acd40f5270d666621afa78b69514"
  integrity sha1-kRG01+qArNQPUnDWZmIa+ni2lRQ=

whatwg-url@^9.1.0:
  version "9.1.0"
  resolved "https://registry.npmmirror.com/whatwg-url/download/whatwg-url-9.1.0.tgz#1b112cf237d72cd64fa7882b9c3f6234a1c3050d"
  integrity sha1-GxEs8jfXLNZPp4grnD9iNKHDBQ0=
  dependencies:
    tr46 "^2.1.0"
    webidl-conversions "^6.1.0"
